
Microsoft Visual Studio Solution File, Format Version 11.00
# Visual Studio 2010
Project("{FAE04EC0-301F-11D3-BF4B-00C04F79EFBC}") = "Assembly-CSharp", "Assembly-CSharp.csproj", "{7B554915-A535-3186-C545-61A8FDA5C5FD}"
EndProject
Project("{FAE04EC0-301F-11D3-BF4B-00C04F79EFBC}") = "Assembly-CSharp-Editor", "Assembly-CSharp-Editor.csproj", "{CCAA53F6-7885-D79E-9D4E-37B0558BBE11}"
EndProject
Global
	GlobalSection(SolutionConfigurationPlatforms) = preSolution
		Debug|Any CPU = Debug|Any CPU
		Release|Any CPU = Release|Any CPU
	EndGlobalSection
	GlobalSection(ProjectConfigurationPlatforms) = postSolution
		{7B554915-A535-3186-C545-61A8FDA5C5FD}.Debug|Any CPU.ActiveCfg = Debug|Any CPU
		{7B554915-A535-3186-C545-61A8FDA5C5FD}.Debug|Any CPU.Build.0 = Debug|Any CPU
		{7B554915-A535-3186-C545-61A8FDA5C5FD}.Release|Any CPU.ActiveCfg = Release|Any CPU
		{7B554915-A535-3186-C545-61A8FDA5C5FD}.Release|Any CPU.Build.0 = Release|Any CPU
		{CCAA53F6-7885-D79E-9D4E-37B0558BBE11}.Debug|Any CPU.ActiveCfg = Debug|Any CPU
		{CCAA53F6-7885-D79E-9D4E-37B0558BBE11}.Debug|Any CPU.Build.0 = Debug|Any CPU
		{CCAA53F6-7885-D79E-9D4E-37B0558BBE11}.Release|Any CPU.ActiveCfg = Release|Any CPU
		{CCAA53F6-7885-D79E-9D4E-37B0558BBE11}.Release|Any CPU.Build.0 = Release|Any CPU
	EndGlobalSection
	GlobalSection(SolutionProperties) = preSolution
		HideSolutionNode = FALSE
	EndGlobalSection
	GlobalSection(MonoDevelopProperties) = preSolution
		StartupItem = Assembly-CSharp.csproj
	EndGlobalSection
EndGlobal
